
Microsoft Visual Studio Solution File, Format Version 12.00
# Visual Studio 15
VisualStudioVersion = 15.0.27428.2005
MinimumVisualStudioVersion = 10.0.40219.1
Project("{FAE04EC0-301F-11D3-BF4B-00C04F79EFBC}") = "SSLand", "SSLand.csproj", "{945C244B-4BCF-4D27-A6EC-CDEC08E927C1}"
EndProject
Project("{2150E333-8FDC-42A3-9474-1A3956D46DE8}") = "List", "List", "{1AA3CCA0-D252-406A-A329-26769B040CA0}"
EndProject
Global
	GlobalSection(SolutionConfigurationPlatforms) = preSolution
		Debug|Any CPU = Debug|Any CPU
		Release|Any CPU = Release|Any CPU
	EndGlobalSection
	GlobalSection(ProjectConfigurationPlatforms) = postSolution
		{945C244B-4BCF-4D27-A6EC-CDEC08E927C1}.Debug|Any CPU.ActiveCfg = Debug|Any CPU
		{945C244B-4BCF-4D27-A6EC-CDEC08E927C1}.Debug|Any CPU.Build.0 = Debug|Any CPU
		{945C244B-4BCF-4D27-A6EC-CDEC08E927C1}.Release|Any CPU.ActiveCfg = Release|Any CPU
		{945C244B-4BCF-4D27-A6EC-CDEC08E927C1}.Release|Any CPU.Build.0 = Release|Any CPU
	EndGlobalSection
	GlobalSection(SolutionProperties) = preSolution
		HideSolutionNode = FALSE
	EndGlobalSection
	GlobalSection(ExtensibilityGlobals) = postSolution
		SolutionGuid = {6F67ADCE-A339-4823-8687-FE6312B45331}
	EndGlobalSection
EndGlobal
